
Microsoft Visual Studio Solution File, Format Version 12.00
# Visual Studio Version 17
VisualStudioVersion = 17.0.31903.59
MinimumVisualStudioVersion = 10.0.40219.1
Project("{FAE04EC0-301F-11D3-BF4B-00C04F79EFBC}") = "AppointmentScheduler.Api", "AppointmentScheduler.Api\AppointmentScheduler.Api.csproj", "{48F894D4-BE19-44BD-8032-4A132AF98970}"
EndProject
Project("{FAE04EC0-301F-11D3-BF4B-00C04F79EFBC}") = "AppointmentScheduler.Api.Tests", "..\..\tests\backend\AppointmentScheduler.Api.Tests\AppointmentScheduler.Api.Tests.csproj", "{E4535333-70C9-47A7-BE26-57AAAF492D85}"
EndProject
Global
	GlobalSection(SolutionConfigurationPlatforms) = preSolution
		Debug|Any CPU = Debug|Any CPU
		Debug|x64 = Debug|x64
		Debug|x86 = Debug|x86
		Release|Any CPU = Release|Any CPU
		Release|x64 = Release|x64
		Release|x86 = Release|x86
	EndGlobalSection
	GlobalSection(ProjectConfigurationPlatforms) = postSolution
		{48F894D4-BE19-44BD-8032-4A132AF98970}.Debug|Any CPU.ActiveCfg = Debug|Any CPU
		{48F894D4-BE19-44BD-8032-4A132AF98970}.Debug|Any CPU.Build.0 = Debug|Any CPU
		{48F894D4-BE19-44BD-8032-4A132AF98970}.Debug|x64.ActiveCfg = Debug|Any CPU
		{48F894D4-BE19-44BD-8032-4A132AF98970}.Debug|x64.Build.0 = Debug|Any CPU
		{48F894D4-BE19-44BD-8032-4A132AF98970}.Debug|x86.ActiveCfg = Debug|Any CPU
		{48F894D4-BE19-44BD-8032-4A132AF98970}.Debug|x86.Build.0 = Debug|Any CPU
		{48F894D4-BE19-44BD-8032-4A132AF98970}.Release|Any CPU.ActiveCfg = Release|Any CPU
		{48F894D4-BE19-44BD-8032-4A132AF98970}.Release|Any CPU.Build.0 = Release|Any CPU
		{48F894D4-BE19-44BD-8032-4A132AF98970}.Release|x64.ActiveCfg = Release|Any CPU
		{48F894D4-BE19-44BD-8032-4A132AF98970}.Release|x64.Build.0 = Release|Any CPU
		{48F894D4-BE19-44BD-8032-4A132AF98970}.Release|x86.ActiveCfg = Release|Any CPU
		{48F894D4-BE19-44BD-8032-4A132AF98970}.Release|x86.Build.0 = Release|Any CPU
		{E4535333-70C9-47A7-BE26-57AAAF492D85}.Debug|Any CPU.ActiveCfg = Debug|Any CPU
		{E4535333-70C9-47A7-BE26-57AAAF492D85}.Debug|Any CPU.Build.0 = Debug|Any CPU
		{E4535333-70C9-47A7-BE26-57AAAF492D85}.Debug|x64.ActiveCfg = Debug|Any CPU
		{E4535333-70C9-47A7-BE26-57AAAF492D85}.Debug|x64.Build.0 = Debug|Any CPU
		{E4535333-70C9-47A7-BE26-57AAAF492D85}.Debug|x86.ActiveCfg = Debug|Any CPU
		{E4535333-70C9-47A7-BE26-57AAAF492D85}.Debug|x86.Build.0 = Debug|Any CPU
		{E4535333-70C9-47A7-BE26-57AAAF492D85}.Release|Any CPU.ActiveCfg = Release|Any CPU
		{E4535333-70C9-47A7-BE26-57AAAF492D85}.Release|Any CPU.Build.0 = Release|Any CPU
		{E4535333-70C9-47A7-BE26-57AAAF492D85}.Release|x64.ActiveCfg = Release|Any CPU
		{E4535333-70C9-47A7-BE26-57AAAF492D85}.Release|x64.Build.0 = Release|Any CPU
		{E4535333-70C9-47A7-BE26-57AAAF492D85}.Release|x86.ActiveCfg = Release|Any CPU
		{E4535333-70C9-47A7-BE26-57AAAF492D85}.Release|x86.Build.0 = Release|Any CPU
	EndGlobalSection
	GlobalSection(SolutionProperties) = preSolution
		HideSolutionNode = FALSE
	EndGlobalSection
EndGlobal
